// !$*UTF8*$!
{
	archiveVersion = 1;
	classes = {
	};
	objectVersion = 50;
	objects = {

/* Begin PBXBuildFile section */
		2E77ECCD2150E8D200D36E33 /* AppDelegate.m in Sources */ = {isa = PBXBuildFile; fileRef = 2E77ECCC2150E8D200D36E33 /* AppDelegate.m */; };
		2E77ECD02150E8D200D36E33 /* ViewController.m in Sources */ = {isa = PBXBuildFile; fileRef = 2E77ECCF2150E8D200D36E33 /* ViewController.m */; };
		2E77ECD32150E8D200D36E33 /* Main.storyboard in Resources */ = {isa = PBXBuildFile; fileRef = 2E77ECD12150E8D200D36E33 /* Main.storyboard */; };
		2E77ECD52150E8D600D36E33 /* Assets.xcassets in Resources */ = {isa = PBXBuildFile; fileRef = 2E77ECD42150E8D600D36E33 /* Assets.xcassets */; };
		2E77ECD82150E8D600D36E33 /* LaunchScreen.storyboard in Resources */ = {isa = PBXBuildFile; fileRef = 2E77ECD62150E8D600D36E33 /* LaunchScreen.storyboard */; };
		2E77ECDB2150E8D600D36E33 /* main.m in Sources */ = {isa = PBXBuildFile; fileRef = 2E77ECDA2150E8D600D36E33 /* main.m */; };
		2E77ECED2150E8F400D36E33 /* UNORouteHost.m in Sources */ = {isa = PBXBuildFile; fileRef = 2E77ECE22150E8F400D36E33 /* UNORouteHost.m */; };
		2E77ECEE2150E8F400D36E33 /* UIViewController+UNORoute.m in Sources */ = {isa = PBXBuildFile; fileRef = 2E77ECE62150E8F400D36E33 /* UIViewController+UNORoute.m */; };
		2E77ECEF2150E8F400D36E33 /* UNORouteRequest.m in Sources */ = {isa = PBXBuildFile; fileRef = 2E77ECE82150E8F400D36E33 /* UNORouteRequest.m */; };
		2E77ECF02150E8F400D36E33 /* UNORouter.m in Sources */ = {isa = PBXBuildFile; fileRef = 2E77ECEB2150E8F400D36E33 /* UNORouter.m */; };
		2E77ECF12150E8F400D36E33 /* UNORouteHandler.m in Sources */ = {isa = PBXBuildFile; fileRef = 2E77ECEC2150E8F400D36E33 /* UNORouteHandler.m */; };
		2E77ECF82150E95D00D36E33 /* ViewControllerWithParams.m in Sources */ = {isa = PBXBuildFile; fileRef = 2E77ECF72150E95D00D36E33 /* ViewControllerWithParams.m */; };
		2E77ECFB2150E96800D36E33 /* ViewControllerPush.m in Sources */ = {isa = PBXBuildFile; fileRef = 2E77ECFA2150E96800D36E33 /* ViewControllerPush.m */; };
		2E77ECFE2150F08D00D36E33 /* PushVcHandler.m in Sources */ = {isa = PBXBuildFile; fileRef = 2E77ECFD2150F08D00D36E33 /* PushVcHandler.m */; };
		2E77ED0D2151026500D36E33 /* btn_navi_back@3x.png in Resources */ = {isa = PBXBuildFile; fileRef = 2E77ED062151026500D36E33 /* btn_navi_back@3x.png */; };
		2E77ED0E2151026500D36E33 /* btn_navi_back@2x.png in Resources */ = {isa = PBXBuildFile; fileRef = 2E77ED072151026500D36E33 /* btn_navi_back@2x.png */; };
		2E77ED0F2151026500D36E33 /* BaseViewController.m in Sources */ = {isa = PBXBuildFile; fileRef = 2E77ED092151026500D36E33 /* BaseViewController.m */; };
		2E77ED102151026500D36E33 /* UNBasenNavigationController.m in Sources */ = {isa = PBXBuildFile; fileRef = 2E77ED0A2151026500D36E33 /* UNBasenNavigationController.m */; };
/* End PBXBuildFile section */

/* Begin PBXFileReference section */
		2E77ECC82150E8D200D36E33 /* example.app */ = {isa = PBXFileReference; explicitFileType = wrapper.application; includeInIndex = 0; path = example.app; sourceTree = BUILT_PRODUCTS_DIR; };
		2E77ECCB2150E8D200D36E33 /* AppDelegate.h */ = {isa = PBXFileReference; lastKnownFileType = sourcecode.c.h; path = AppDelegate.h; sourceTree = "<group>"; };
		2E77ECCC2150E8D200D36E33 /* AppDelegate.m */ = {isa = PBXFileReference; lastKnownFileType = sourcecode.c.objc; path = AppDelegate.m; sourceTree = "<group>"; };
		2E77ECCE2150E8D200D36E33 /* ViewController.h */ = {isa = PBXFileReference; lastKnownFileType = sourcecode.c.h; path = ViewController.h; sourceTree = "<group>"; };
		2E77ECCF2150E8D200D36E33 /* ViewController.m */ = {isa = PBXFileReference; lastKnownFileType = sourcecode.c.objc; path = ViewController.m; sourceTree = "<group>"; };
		2E77ECD22150E8D200D36E33 /* Base */ = {isa = PBXFileReference; lastKnownFileType = file.storyboard; name = Base; path = Base.lproj/Main.storyboard; sourceTree = "<group>"; };
		2E77ECD42150E8D600D36E33 /* Assets.xcassets */ = {isa = PBXFileReference; lastKnownFileType = folder.assetcatalog; path = Assets.xcassets; sourceTree = "<group>"; };
		2E77ECD72150E8D600D36E33 /* Base */ = {isa = PBXFileReference; lastKnownFileType = file.storyboard; name = Base; path = Base.lproj/LaunchScreen.storyboard; sourceTree = "<group>"; };
		2E77ECD92150E8D600D36E33 /* Info.plist */ = {isa = PBXFileReference; lastKnownFileType = text.plist.xml; path = Info.plist; sourceTree = "<group>"; };
		2E77ECDA2150E8D600D36E33 /* main.m */ = {isa = PBXFileReference; lastKnownFileType = sourcecode.c.objc; path = main.m; sourceTree = "<group>"; };
		2E77ECE22150E8F400D36E33 /* UNORouteHost.m */ = {isa = PBXFileReference; fileEncoding = 4; lastKnownFileType = sourcecode.c.objc; path = UNORouteHost.m; sourceTree = "<group>"; };
		2E77ECE32150E8F400D36E33 /* UNORouteRequest.h */ = {isa = PBXFileReference; fileEncoding = 4; lastKnownFileType = sourcecode.c.h; path = UNORouteRequest.h; sourceTree = "<group>"; };
		2E77ECE42150E8F400D36E33 /* UNORouter.h */ = {isa = PBXFileReference; fileEncoding = 4; lastKnownFileType = sourcecode.c.h; path = UNORouter.h; sourceTree = "<group>"; };
		2E77ECE52150E8F400D36E33 /* UNORoute.h */ = {isa = PBXFileReference; fileEncoding = 4; lastKnownFileType = sourcecode.c.h; path = UNORoute.h; sourceTree = "<group>"; };
		2E77ECE62150E8F400D36E33 /* UIViewController+UNORoute.m */ = {isa = PBXFileReference; fileEncoding = 4; lastKnownFileType = sourcecode.c.objc; path = "UIViewController+UNORoute.m"; sourceTree = "<group>"; };
		2E77ECE72150E8F400D36E33 /* UNORouteHandler.h */ = {isa = PBXFileReference; fileEncoding = 4; lastKnownFileType = sourcecode.c.h; path = UNORouteHandler.h; sourceTree = "<group>"; };
		2E77ECE82150E8F400D36E33 /* UNORouteRequest.m */ = {isa = PBXFileReference; fileEncoding = 4; lastKnownFileType = sourcecode.c.objc; path = UNORouteRequest.m; sourceTree = "<group>"; };
		2E77ECE92150E8F400D36E33 /* UNORouteHost.h */ = {isa = PBXFileReference; fileEncoding = 4; lastKnownFileType = sourcecode.c.h; path = UNORouteHost.h; sourceTree = "<group>"; };
		2E77ECEA2150E8F400D36E33 /* UIViewController+UNORoute.h */ = {isa = PBXFileReference; fileEncoding = 4; lastKnownFileType = sourcecode.c.h; path = "UIViewController+UNORoute.h"; sourceTree = "<group>"; };
		2E77ECEB2150E8F400D36E33 /* UNORouter.m */ = {isa = PBXFileReference; fileEncoding = 4; lastKnownFileType = sourcecode.c.objc; path = UNORouter.m; sourceTree = "<group>"; };
		2E77ECEC2150E8F400D36E33 /* UNORouteHandler.m */ = {isa = PBXFileReference; fileEncoding = 4; lastKnownFileType = sourcecode.c.objc; path = UNORouteHandler.m; sourceTree = "<group>"; };
		2E77ECF22150E8FE00D36E33 /* UNO_Router.h */ = {isa = PBXFileReference; lastKnownFileType = sourcecode.c.h; name = UNO_Router.h; path = ../UNO_Router.h; sourceTree = "<group>"; };
		2E77ECF62150E95D00D36E33 /* ViewControllerWithParams.h */ = {isa = PBXFileReference; lastKnownFileType = sourcecode.c.h; path = ViewControllerWithParams.h; sourceTree = "<group>"; };
		2E77ECF72150E95D00D36E33 /* ViewControllerWithParams.m */ = {isa = PBXFileReference; lastKnownFileType = sourcecode.c.objc; path = ViewControllerWithParams.m; sourceTree = "<group>"; };
		2E77ECF92150E96800D36E33 /* ViewControllerPush.h */ = {isa = PBXFileReference; lastKnownFileType = sourcecode.c.h; path = ViewControllerPush.h; sourceTree = "<group>"; };
		2E77ECFA2150E96800D36E33 /* ViewControllerPush.m */ = {isa = PBXFileReference; lastKnownFileType = sourcecode.c.objc; path = ViewControllerPush.m; sourceTree = "<group>"; };
		2E77ECFC2150F08D00D36E33 /* PushVcHandler.h */ = {isa = PBXFileReference; lastKnownFileType = sourcecode.c.h; path = PushVcHandler.h; sourceTree = "<group>"; };
		2E77ECFD2150F08D00D36E33 /* PushVcHandler.m */ = {isa = PBXFileReference; lastKnownFileType = sourcecode.c.objc; path = PushVcHandler.m; sourceTree = "<group>"; };
		2E77ED062151026500D36E33 /* btn_navi_back@3x.png */ = {isa = PBXFileReference; lastKnownFileType = image.png; path = "btn_navi_back@3x.png"; sourceTree = "<group>"; };
		2E77ED072151026500D36E33 /* btn_navi_back@2x.png */ = {isa = PBXFileReference; lastKnownFileType = image.png; path = "btn_navi_back@2x.png"; sourceTree = "<group>"; };
		2E77ED092151026500D36E33 /* BaseViewController.m */ = {isa = PBXFileReference; fileEncoding = 4; lastKnownFileType = sourcecode.c.objc; path = BaseViewController.m; sourceTree = "<group>"; };
		2E77ED0A2151026500D36E33 /* UNBasenNavigationController.m */ = {isa = PBXFileReference; fileEncoding = 4; lastKnownFileType = sourcecode.c.objc; path = UNBasenNavigationController.m; sourceTree = "<group>"; };
		2E77ED0B2151026500D36E33 /* BaseViewController.h */ = {isa = PBXFileReference; fileEncoding = 4; lastKnownFileType = sourcecode.c.h; path = BaseViewController.h; sourceTree = "<group>"; };
		2E77ED0C2151026500D36E33 /* UNBasenNavigationController.h */ = {isa = PBXFileReference; fileEncoding = 4; lastKnownFileType = sourcecode.c.h; path = UNBasenNavigationController.h; sourceTree = "<group>"; };
/* End PBXFileReference section */

/* Begin PBXFrameworksBuildPhase section */
		2E77ECC52150E8D200D36E33 /* Frameworks */ = {
			isa = PBXFrameworksBuildPhase;
			buildActionMask = 2147483647;
			files = (
			);
			runOnlyForDeploymentPostprocessing = 0;
		};
/* End PBXFrameworksBuildPhase section */

/* Begin PBXGroup section */
		2E77ECBF2150E8D200D36E33 = {
			isa = PBXGroup;
			children = (
				2E77ECCA2150E8D200D36E33 /* example */,
				2E77ECC92150E8D200D36E33 /* Products */,
			);
			sourceTree = "<group>";
		};
		2E77ECC92150E8D200D36E33 /* Products */ = {
			isa = PBXGroup;
			children = (
				2E77ECC82150E8D200D36E33 /* example.app */,
			);
			name = Products;
			sourceTree = "<group>";
		};
		2E77ECCA2150E8D200D36E33 /* example */ = {
			isa = PBXGroup;
			children = (
				2E77ED082151026500D36E33 /* BaseElement */,
				2E77ED052151026500D36E33 /* Resource */,
				2E77ECE12150E8F400D36E33 /* source */,
				2E77ECCB2150E8D200D36E33 /* AppDelegate.h */,
				2E77ECCC2150E8D200D36E33 /* AppDelegate.m */,
				2E77ECCE2150E8D200D36E33 /* ViewController.h */,
				2E77ECCF2150E8D200D36E33 /* ViewController.m */,
				2E77ECF92150E96800D36E33 /* ViewControllerPush.h */,
				2E77ECFA2150E96800D36E33 /* ViewControllerPush.m */,
				2E77ECFC2150F08D00D36E33 /* PushVcHandler.h */,
				2E77ECFD2150F08D00D36E33 /* PushVcHandler.m */,
				2E77ECF62150E95D00D36E33 /* ViewControllerWithParams.h */,
				2E77ECF72150E95D00D36E33 /* ViewControllerWithParams.m */,
				2E77ECD12150E8D200D36E33 /* Main.storyboard */,
				2E77ECD42150E8D600D36E33 /* Assets.xcassets */,
				2E77ECD62150E8D600D36E33 /* LaunchScreen.storyboard */,
				2E77ECD92150E8D600D36E33 /* Info.plist */,
				2E77ECDA2150E8D600D36E33 /* main.m */,
			);
			path = example;
			sourceTree = "<group>";
		};
		2E77ECE12150E8F400D36E33 /* source */ = {
			isa = PBXGroup;
			children = (
				2E77ECF22150E8FE00D36E33 /* UNO_Router.h */,
				2E77ECE22150E8F400D36E33 /* UNORouteHost.m */,
				2E77ECE32150E8F400D36E33 /* UNORouteRequest.h */,
				2E77ECE42150E8F400D36E33 /* UNORouter.h */,
				2E77ECE52150E8F400D36E33 /* UNORoute.h */,
				2E77ECE62150E8F400D36E33 /* UIViewController+UNORoute.m */,
				2E77ECE72150E8F400D36E33 /* UNORouteHandler.h */,
				2E77ECE82150E8F400D36E33 /* UNORouteRequest.m */,
				2E77ECE92150E8F400D36E33 /* UNORouteHost.h */,
				2E77ECEA2150E8F400D36E33 /* UIViewController+UNORoute.h */,
				2E77ECEB2150E8F400D36E33 /* UNORouter.m */,
				2E77ECEC2150E8F400D36E33 /* UNORouteHandler.m */,
			);
			name = source;
			path = ../../UNORoute/source;
			sourceTree = "<group>";
		};
		2E77ED052151026500D36E33 /* Resource */ = {
			isa = PBXGroup;
			children = (
				2E77ED062151026500D36E33 /* btn_navi_back@3x.png */,
				2E77ED072151026500D36E33 /* btn_navi_back@2x.png */,
			);
			path = Resource;
			sourceTree = "<group>";
		};
		2E77ED082151026500D36E33 /* BaseElement */ = {
			isa = PBXGroup;
			children = (
				2E77ED092151026500D36E33 /* BaseViewController.m */,
				2E77ED0A2151026500D36E33 /* UNBasenNavigationController.m */,
				2E77ED0B2151026500D36E33 /* BaseViewController.h */,
				2E77ED0C2151026500D36E33 /* UNBasenNavigationController.h */,
			);
			path = BaseElement;
			sourceTree = "<group>";
		};
/* End PBXGroup section */

/* Begin PBXNativeTarget section */
		2E77ECC72150E8D200D36E33 /* example */ = {
			isa = PBXNativeTarget;
			buildConfigurationList = 2E77ECDE2150E8D600D36E33 /* Build configuration list for PBXNativeTarget "example" */;
			buildPhases = (
				2E77ECC42150E8D200D36E33 /* Sources */,
				2E77ECC52150E8D200D36E33 /* Frameworks */,
				2E77ECC62150E8D200D36E33 /* Resources */,
			);
			buildRules = (
			);
			dependencies = (
			);
			name = example;
			productName = example;
			productReference = 2E77ECC82150E8D200D36E33 /* example.app */;
			productType = "com.apple.product-type.application";
		};
/* End PBXNativeTarget section */

/* Begin PBXProject section */
		2E77ECC02150E8D200D36E33 /* Project object */ = {
			isa = PBXProject;
			attributes = {
				LastUpgradeCheck = 0940;
				ORGANIZATIONNAME = unovo;
				TargetAttributes = {
					2E77ECC72150E8D200D36E33 = {
						CreatedOnToolsVersion = 9.4.1;
					};
				};
			};
			buildConfigurationList = 2E77ECC32150E8D200D36E33 /* Build configuration list for PBXProject "example" */;
			compatibilityVersion = "Xcode 9.3";
			developmentRegion = en;
			hasScannedForEncodings = 0;
			knownRegions = (
				en,
				Base,
			);
			mainGroup = 2E77ECBF2150E8D200D36E33;
			productRefGroup = 2E77ECC92150E8D200D36E33 /* Products */;
			projectDirPath = "";
			projectRoot = "";
			targets = (
				2E77ECC72150E8D200D36E33 /* example */,
			);
		};
/* End PBXProject section */

/* Begin PBXResourcesBuildPhase section */
		2E77ECC62150E8D200D36E33 /* Resources */ = {
			isa = PBXResourcesBuildPhase;
			buildActionMask = 2147483647;
			files = (
				2E77ECD82150E8D600D36E33 /* LaunchScreen.storyboard in Resources */,
				2E77ECD52150E8D600D36E33 /* Assets.xcassets in Resources */,
				2E77ECD32150E8D200D36E33 /* Main.storyboard in Resources */,
				2E77ED0D2151026500D36E33 /* btn_navi_back@3x.png in Resources */,
				2E77ED0E2151026500D36E33 /* btn_navi_back@2x.png in Resources */,
			);
			runOnlyForDeploymentPostprocessing = 0;
		};
/* End PBXResourcesBuildPhase section */

/* Begin PBXSourcesBuildPhase section */
		2E77ECC42150E8D200D36E33 /* Sources */ = {
			isa = PBXSourcesBuildPhase;
			buildActionMask = 2147483647;
			files = (
				2E77ECED2150E8F400D36E33 /* UNORouteHost.m in Sources */,
				2E77ECF82150E95D00D36E33 /* ViewControllerWithParams.m in Sources */,
				2E77ECD02150E8D200D36E33 /* ViewController.m in Sources */,
				2E77ED0F2151026500D36E33 /* BaseViewController.m in Sources */,
				2E77ECEE2150E8F400D36E33 /* UIViewController+UNORoute.m in Sources */,
				2E77ECFE2150F08D00D36E33 /* PushVcHandler.m in Sources */,
				2E77ECF12150E8F400D36E33 /* UNORouteHandler.m in Sources */,
				2E77ECDB2150E8D600D36E33 /* main.m in Sources */,
				2E77ECEF2150E8F400D36E33 /* UNORouteRequest.m in Sources */,
				2E77ECF02150E8F400D36E33 /* UNORouter.m in Sources */,
				2E77ECFB2150E96800D36E33 /* ViewControllerPush.m in Sources */,
				2E77ED102151026500D36E33 /* UNBasenNavigationController.m in Sources */,
				2E77ECCD2150E8D200D36E33 /* AppDelegate.m in Sources */,
			);
			runOnlyForDeploymentPostprocessing = 0;
		};
/* End PBXSourcesBuildPhase section */

/* Begin PBXVariantGroup section */
		2E77ECD12150E8D200D36E33 /* Main.storyboard */ = {
			isa = PBXVariantGroup;
			children = (
				2E77ECD22150E8D200D36E33 /* Base */,
			);
			name = Main.storyboard;
			sourceTree = "<group>";
		};
		2E77ECD62150E8D600D36E33 /* LaunchScreen.storyboard */ = {
			isa = PBXVariantGroup;
			children = (
				2E77ECD72150E8D600D36E33 /* Base */,
			);
			name = LaunchScreen.storyboard;
			sourceTree = "<group>";
		};
/* End PBXVariantGroup section */

/* Begin XCBuildConfiguration section */
		2E77ECDC2150E8D600D36E33 /* Debug */ = {
			isa = XCBuildConfiguration;
			buildSettings = {
				ALWAYS_SEARCH_USER_PATHS = NO;
				CLANG_ANALYZER_NONNULL = YES;
				CLANG_ANALYZER_NUMBER_OBJECT_CONVERSION = YES_AGGRESSIVE;
				CLANG_CXX_LANGUAGE_STANDARD = "gnu++14";
				CLANG_CXX_LIBRARY = "libc++";
				CLANG_ENABLE_MODULES = YES;
				CLANG_ENABLE_OBJC_ARC = YES;
				CLANG_ENABLE_OBJC_WEAK = YES;
				CLANG_WARN_BLOCK_CAPTURE_AUTORELEASING = YES;
				CLANG_WARN_BOOL_CONVERSION = YES;
				CLANG_WARN_COMMA = YES;
				CLANG_WARN_CONSTANT_CONVERSION = YES;
				CLANG_WARN_DEPRECATED_OBJC_IMPLEMENTATIONS = YES;
				CLANG_WARN_DIRECT_OBJC_ISA_USAGE = YES_ERROR;
				CLANG_WARN_DOCUMENTATION_COMMENTS = YES;
				CLANG_WARN_EMPTY_BODY = YES;
				CLANG_WARN_ENUM_CONVERSION = YES;
				CLANG_WARN_INFINITE_RECURSION = YES;
				CLANG_WARN_INT_CONVERSION = YES;
				CLANG_WARN_NON_LITERAL_NULL_CONVERSION = YES;
				CLANG_WARN_OBJC_IMPLICIT_RETAIN_SELF = YES;
				CLANG_WARN_OBJC_LITERAL_CONVERSION = YES;
				CLANG_WARN_OBJC_ROOT_CLASS = YES_ERROR;
				CLANG_WARN_RANGE_LOOP_ANALYSIS = YES;
				CLANG_WARN_STRICT_PROTOTYPES = YES;
				CLANG_WARN_SUSPICIOUS_MOVE = YES;
				CLANG_WARN_UNGUARDED_AVAILABILITY = YES_AGGRESSIVE;
				CLANG_WARN_UNREACHABLE_CODE = YES;
				CLANG_WARN__DUPLICATE_METHOD_MATCH = YES;
				CODE_SIGN_IDENTITY = "iPhone Developer";
				COPY_PHASE_STRIP = NO;
				DEBUG_INFORMATION_FORMAT = dwarf;
				ENABLE_STRICT_OBJC_MSGSEND = YES;
				ENABLE_TESTABILITY = YES;
				GCC_C_LANGUAGE_STANDARD = gnu11;
				GCC_DYNAMIC_NO_PIC = NO;
				GCC_NO_COMMON_BLOCKS = YES;
				GCC_OPTIMIZATION_LEVEL = 0;
				GCC_PREPROCESSOR_DEFINITIONS = (
					"DEBUG=1",
					"$(inherited)",
				);
				GCC_WARN_64_TO_32_BIT_CONVERSION = YES;
				GCC_WARN_ABOUT_RETURN_TYPE = YES_ERROR;
				GCC_WARN_UNDECLARED_SELECTOR = YES;
				GCC_WARN_UNINITIALIZED_AUTOS = YES_AGGRESSIVE;
				GCC_WARN_UNUSED_FUNCTION = YES;
				GCC_WARN_UNUSED_VARIABLE = YES;
				IPHONEOS_DEPLOYMENT_TARGET = 11.4;
				MTL_ENABLE_DEBUG_INFO = YES;
				ONLY_ACTIVE_ARCH = YES;
				SDKROOT = iphoneos;
			};
			name = Debug;
		};
		2E77ECDD2150E8D600D36E33 /* Release */ = {
			isa = XCBuildConfiguration;
			buildSettings = {
				ALWAYS_SEARCH_USER_PATHS = NO;
				CLANG_ANALYZER_NONNULL = YES;
				CLANG_ANALYZER_NUMBER_OBJECT_CONVERSION = YES_AGGRESSIVE;
				CLANG_CXX_LANGUAGE_STANDARD = "gnu++14";
				CLANG_CXX_LIBRARY = "libc++";
				CLANG_ENABLE_MODULES = YES;
				CLANG_ENABLE_OBJC_ARC = YES;
				CLANG_ENABLE_OBJC_WEAK = YES;
				CLANG_WARN_BLOCK_CAPTURE_AUTORELEASING = YES;
				CLANG_WARN_BOOL_CONVERSION = YES;
				CLANG_WARN_COMMA = YES;
				CLANG_WARN_CONSTANT_CONVERSION = YES;
				CLANG_WARN_DEPRECATED_OBJC_IMPLEMENTATIONS = YES;
				CLANG_WARN_DIRECT_OBJC_ISA_USAGE = YES_ERROR;
				CLANG_WARN_DOCUMENTATION_COMMENTS = YES;
				CLANG_WARN_EMPTY_BODY = YES;
				CLANG_WARN_ENUM_CONVERSION = YES;
				CLANG_WARN_INFINITE_RECURSION = YES;
				CLANG_WARN_INT_CONVERSION = YES;
				CLANG_WARN_NON_LITERAL_NULL_CONVERSION = YES;
				CLANG_WARN_OBJC_IMPLICIT_RETAIN_SELF = YES;
				CLANG_WARN_OBJC_LITERAL_CONVERSION = YES;
				CLANG_WARN_OBJC_ROOT_CLASS = YES_ERROR;
				CLANG_WARN_RANGE_LOOP_ANALYSIS = YES;
				CLANG_WARN_STRICT_PROTOTYPES = YES;
				CLANG_WARN_SUSPICIOUS_MOVE = YES;
				CLANG_WARN_UNGUARDED_AVAILABILITY = YES_AGGRESSIVE;
				CLANG_WARN_UNREACHABLE_CODE = YES;
				CLANG_WARN__DUPLICATE_METHOD_MATCH = YES;
				CODE_SIGN_IDENTITY = "iPhone Developer";
				COPY_PHASE_STRIP = NO;
				DEBUG_INFORMATION_FORMAT = "dwarf-with-dsym";
				ENABLE_NS_ASSERTIONS = NO;
				ENABLE_STRICT_OBJC_MSGSEND = YES;
				GCC_C_LANGUAGE_STANDARD = gnu11;
				GCC_NO_COMMON_BLOCKS = YES;
				GCC_WARN_64_TO_32_BIT_CONVERSION = YES;
				GCC_WARN_ABOUT_RETURN_TYPE = YES_ERROR;
				GCC_WARN_UNDECLARED_SELECTOR = YES;
				GCC_WARN_UNINITIALIZED_AUTOS = YES_AGGRESSIVE;
				GCC_WARN_UNUSED_FUNCTION = YES;
				GCC_WARN_UNUSED_VARIABLE = YES;
				IPHONEOS_DEPLOYMENT_TARGET = 11.4;
				MTL_ENABLE_DEBUG_INFO = NO;
				SDKROOT = iphoneos;
				VALIDATE_PRODUCT = YES;
			};
			name = Release;
		};
		2E77ECDF2150E8D600D36E33 /* Debug */ = {
			isa = XCBuildConfiguration;
			buildSettings = {
				ASSETCATALOG_COMPILER_APPICON_NAME = AppIcon;
				CODE_SIGN_STYLE = Automatic;
				DEVELOPMENT_TEAM = NA82CDHQ9M;
				INFOPLIST_FILE = example/Info.plist;
				IPHONEOS_DEPLOYMENT_TARGET = 8.0;
				LD_RUNPATH_SEARCH_PATHS = (
					"$(inherited)",
					"@executable_path/Frameworks",
				);
				PRODUCT_BUNDLE_IDENTIFIER = unovo.example;
				PRODUCT_NAME = "$(TARGET_NAME)";
				TARGETED_DEVICE_FAMILY = "1,2";
			};
			name = Debug;
		};
		2E77ECE02150E8D600D36E33 /* Release */ = {
			isa = XCBuildConfiguration;
			buildSettings = {
				ASSETCATALOG_COMPILER_APPICON_NAME = AppIcon;
				CODE_SIGN_STYLE = Automatic;
				DEVELOPMENT_TEAM = NA82CDHQ9M;
				INFOPLIST_FILE = example/Info.plist;
				IPHONEOS_DEPLOYMENT_TARGET = 8.0;
				LD_RUNPATH_SEARCH_PATHS = (
					"$(inherited)",
					"@executable_path/Frameworks",
				);
				PRODUCT_BUNDLE_IDENTIFIER = unovo.example;
				PRODUCT_NAME = "$(TARGET_NAME)";
				TARGETED_DEVICE_FAMILY = "1,2";
			};
			name = Release;
		};
/* End XCBuildConfiguration section */

/* Begin XCConfigurationList section */
		2E77ECC32150E8D200D36E33 /* Build configuration list for PBXProject "example" */ = {
			isa = XCConfigurationList;
			buildConfigurations = (
				2E77ECDC2150E8D600D36E33 /* Debug */,
				2E77ECDD2150E8D600D36E33 /* Release */,
			);
			defaultConfigurationIsVisible = 0;
			defaultConfigurationName = Release;
		};
		2E77ECDE2150E8D600D36E33 /* Build configuration list for PBXNativeTarget "example" */ = {
			isa = XCConfigurationList;
			buildConfigurations = (
				2E77ECDF2150E8D600D36E33 /* Debug */,
				2E77ECE02150E8D600D36E33 /* Release */,
			);
			defaultConfigurationIsVisible = 0;
			defaultConfigurationName = Release;
		};
/* End XCConfigurationList section */
	};
	rootObject = 2E77ECC02150E8D200D36E33 /* Project object */;
}
